
Microsoft Visual Studio Solution File, Format Version 12.00
# Visual Studio Version 17
VisualStudioVersion = 17.0.31903.59
MinimumVisualStudioVersion = 10.0.40219.1
Project("{FAE04EC0-301F-11D3-BF4B-00C04F79EFBC}") = "Wemogy.AspNet", "Wemogy.AspNet\Wemogy.AspNet.csproj", "{930F7677-345E-4B0A-9746-9865B567B64D}"
EndProject
Project("{FAE04EC0-301F-11D3-BF4B-00C04F79EFBC}") = "Wemogy.AspNet.Tests", "Wemogy.AspNet.Tests\Wemogy.AspNet.Tests.csproj", "{1530E0BE-0042-45F9-96E3-7730D625B3FB}"
EndProject
Global
  GlobalSection(SolutionConfigurationPlatforms) = preSolution
    Debug|Any CPU = Debug|Any CPU
    Release|Any CPU = Release|Any CPU
  EndGlobalSection
  GlobalSection(SolutionProperties) = preSolution
    HideSolutionNode = FALSE
  EndGlobalSection
  GlobalSection(ProjectConfigurationPlatforms) = postSolution
    {930F7677-345E-4B0A-9746-9865B567B64D}.Debug|Any CPU.ActiveCfg = Debug|Any CPU
    {930F7677-345E-4B0A-9746-9865B567B64D}.Debug|Any CPU.Build.0 = Debug|Any CPU
    {930F7677-345E-4B0A-9746-9865B567B64D}.Release|Any CPU.ActiveCfg = Release|Any CPU
    {930F7677-345E-4B0A-9746-9865B567B64D}.Release|Any CPU.Build.0 = Release|Any CPU
    {1530E0BE-0042-45F9-96E3-7730D625B3FB}.Debug|Any CPU.ActiveCfg = Debug|Any CPU
    {1530E0BE-0042-45F9-96E3-7730D625B3FB}.Debug|Any CPU.Build.0 = Debug|Any CPU
    {1530E0BE-0042-45F9-96E3-7730D625B3FB}.Release|Any CPU.ActiveCfg = Release|Any CPU
    {1530E0BE-0042-45F9-96E3-7730D625B3FB}.Release|Any CPU.Build.0 = Release|Any CPU
  EndGlobalSection
EndGlobal
